// !$*UTF8*$!
{
	archiveVersion = 1;
	classes = {
	};
	objectVersion = 46;
	objects = {

/* Begin PBXBuildFile section */
		A91250AD142DF8020076BDF0 /* GradientView.rb in Resources */ = {isa = PBXBuildFile; fileRef = A91250AC142DF8020076BDF0 /* GradientView.rb */; };
		A933F7AB142CCB8A00F093F6 /* Cocoa.framework in Frameworks */ = {isa = PBXBuildFile; fileRef = A933F7AA142CCB8A00F093F6 /* Cocoa.framework */; };
		A933F7AD142CCB8A00F093F6 /* MacRuby.framework in Frameworks */ = {isa = PBXBuildFile; fileRef = A933F7AC142CCB8A00F093F6 /* MacRuby.framework */; };
		A933F7B6142CCB8A00F093F6 /* InfoPlist.strings in Resources */ = {isa = PBXBuildFile; fileRef = A933F7B4142CCB8A00F093F6 /* InfoPlist.strings */; };
		A933F7B8142CCB8A00F093F6 /* main.m in Sources */ = {isa = PBXBuildFile; fileRef = A933F7B7142CCB8A00F093F6 /* main.m */; };
		A933F7BD142CCB8A00F093F6 /* MainMenu.xib in Resources */ = {isa = PBXBuildFile; fileRef = A933F7BB142CCB8A00F093F6 /* MainMenu.xib */; };
		A933F7C0142CCB8A00F093F6 /* rb_main.rb in Resources */ = {isa = PBXBuildFile; fileRef = A933F7BF142CCB8A00F093F6 /* rb_main.rb */; };
		A933F7C2142CCB8A00F093F6 /* AppDelegate.rb in Resources */ = {isa = PBXBuildFile; fileRef = A933F7C1142CCB8A00F093F6 /* AppDelegate.rb */; };
		A933F7C5142CCB8A00F093F6 /* CodeSnippet.xcdatamodeld in Sources */ = {isa = PBXBuildFile; fileRef = A933F7C3142CCB8A00F093F6 /* CodeSnippet.xcdatamodeld */; };
		A97BB94C142D7663005AAA37 /* EditController.rb in Resources */ = {isa = PBXBuildFile; fileRef = A97BB94B142D7663005AAA37 /* EditController.rb */; };
		A9AF88AE142DC10000E19E75 /* shCore.css in Resources */ = {isa = PBXBuildFile; fileRef = A9AF886E142DC10000E19E75 /* shCore.css */; };
		A9AF88AF142DC10000E19E75 /* shCoreDefault.css in Resources */ = {isa = PBXBuildFile; fileRef = A9AF886F142DC10000E19E75 /* shCoreDefault.css */; };
		A9AF88B0142DC10000E19E75 /* shCoreDjango.css in Resources */ = {isa = PBXBuildFile; fileRef = A9AF8870142DC10000E19E75 /* shCoreDjango.css */; };
		A9AF88B1142DC10000E19E75 /* shCoreEclipse.css in Resources */ = {isa = PBXBuildFile; fileRef = A9AF8871142DC10000E19E75 /* shCoreEclipse.css */; };
		A9AF88B2142DC10000E19E75 /* shCoreEmacs.css in Resources */ = {isa = PBXBuildFile; fileRef = A9AF8872142DC10000E19E75 /* shCoreEmacs.css */; };
		A9AF88B3142DC10000E19E75 /* shCoreFadeToGrey.css in Resources */ = {isa = PBXBuildFile; fileRef = A9AF8873142DC10000E19E75 /* shCoreFadeToGrey.css */; };
		A9AF88B4142DC10000E19E75 /* shCoreMDUltra.css in Resources */ = {isa = PBXBuildFile; fileRef = A9AF8874142DC10000E19E75 /* shCoreMDUltra.css */; };
		A9AF88B5142DC10000E19E75 /* shCoreMidnight.css in Resources */ = {isa = PBXBuildFile; fileRef = A9AF8875142DC10000E19E75 /* shCoreMidnight.css */; };
		A9AF88B6142DC10000E19E75 /* shCoreRDark.css in Resources */ = {isa = PBXBuildFile; fileRef = A9AF8876142DC10000E19E75 /* shCoreRDark.css */; };
		A9AF88B7142DC10000E19E75 /* shThemeDefault.css in Resources */ = {isa = PBXBuildFile; fileRef = A9AF8877142DC10000E19E75 /* shThemeDefault.css */; };
		A9AF88B8142DC10000E19E75 /* shThemeDjango.css in Resources */ = {isa = PBXBuildFile; fileRef = A9AF8878142DC10000E19E75 /* shThemeDjango.css */; };
		A9AF88B9142DC10000E19E75 /* shThemeEclipse.css in Resources */ = {isa = PBXBuildFile; fileRef = A9AF8879142DC10000E19E75 /* shThemeEclipse.css */; };
		A9AF88BA142DC10000E19E75 /* shThemeEmacs.css in Resources */ = {isa = PBXBuildFile; fileRef = A9AF887A142DC10000E19E75 /* shThemeEmacs.css */; };
		A9AF88BB142DC10000E19E75 /* shThemeFadeToGrey.css in Resources */ = {isa = PBXBuildFile; fileRef = A9AF887B142DC10000E19E75 /* shThemeFadeToGrey.css */; };
		A9AF88BC142DC10000E19E75 /* shThemeMDUltra.css in Resources */ = {isa = PBXBuildFile; fileRef = A9AF887C142DC10000E19E75 /* shThemeMDUltra.css */; };
		A9AF88BD142DC10000E19E75 /* shThemeMidnight.css in Resources */ = {isa = PBXBuildFile; fileRef = A9AF887D142DC10000E19E75 /* shThemeMidnight.css */; };
		A9AF88BE142DC10000E19E75 /* shThemeRDark.css in Resources */ = {isa = PBXBuildFile; fileRef = A9AF887E142DC10000E19E75 /* shThemeRDark.css */; };
		A9AF88BF142DC17A00E19E75 /* shAutoloader.js in Resources */ = {isa = PBXBuildFile; fileRef = A9AF8851142DC10000E19E75 /* shAutoloader.js */; };
		A9AF88C0142DC17A00E19E75 /* shBrushAppleScript.js in Resources */ = {isa = PBXBuildFile; fileRef = A9AF8852142DC10000E19E75 /* shBrushAppleScript.js */; };
		A9AF88C1142DC17A00E19E75 /* shBrushAS3.js in Resources */ = {isa = PBXBuildFile; fileRef = A9AF8853142DC10000E19E75 /* shBrushAS3.js */; };
		A9AF88C2142DC17A00E19E75 /* shBrushBash.js in Resources */ = {isa = PBXBuildFile; fileRef = A9AF8854142DC10000E19E75 /* shBrushBash.js */; };
		A9AF88C3142DC17A00E19E75 /* shBrushColdFusion.js in Resources */ = {isa = PBXBuildFile; fileRef = A9AF8855142DC10000E19E75 /* shBrushColdFusion.js */; };
		A9AF88C4142DC17A00E19E75 /* shBrushCpp.js in Resources */ = {isa = PBXBuildFile; fileRef = A9AF8856142DC10000E19E75 /* shBrushCpp.js */; };
		A9AF88C5142DC17A00E19E75 /* shBrushCSharp.js in Resources */ = {isa = PBXBuildFile; fileRef = A9AF8857142DC10000E19E75 /* shBrushCSharp.js */; };
		A9AF88C6142DC17A00E19E75 /* shBrushCss.js in Resources */ = {isa = PBXBuildFile; fileRef = A9AF8858142DC10000E19E75 /* shBrushCss.js */; };
		A9AF88C7142DC17A00E19E75 /* shBrushDelphi.js in Resources */ = {isa = PBXBuildFile; fileRef = A9AF8859142DC10000E19E75 /* shBrushDelphi.js */; };
		A9AF88C8142DC17A00E19E75 /* shBrushDiff.js in Resources */ = {isa = PBXBuildFile; fileRef = A9AF885A142DC10000E19E75 /* shBrushDiff.js */; };
		A9AF88C9142DC17A00E19E75 /* shBrushErlang.js in Resources */ = {isa = PBXBuildFile; fileRef = A9AF885B142DC10000E19E75 /* shBrushErlang.js */; };
		A9AF88CA142DC17A00E19E75 /* shBrushGroovy.js in Resources */ = {isa = PBXBuildFile; fileRef = A9AF885C142DC10000E19E75 /* shBrushGroovy.js */; };
		A9AF88CB142DC17A00E19E75 /* shBrushJava.js in Resources */ = {isa = PBXBuildFile; fileRef = A9AF885D142DC10000E19E75 /* shBrushJava.js */; };
		A9AF88CC142DC17A00E19E75 /* shBrushJavaFX.js in Resources */ = {isa = PBXBuildFile; fileRef = A9AF885E142DC10000E19E75 /* shBrushJavaFX.js */; };
		A9AF88CD142DC17A00E19E75 /* shBrushJScript.js in Resources */ = {isa = PBXBuildFile; fileRef = A9AF885F142DC10000E19E75 /* shBrushJScript.js */; };
		A9AF88CE142DC17A00E19E75 /* shBrushPerl.js in Resources */ = {isa = PBXBuildFile; fileRef = A9AF8860142DC10000E19E75 /* shBrushPerl.js */; };
		A9AF88CF142DC17A00E19E75 /* shBrushPhp.js in Resources */ = {isa = PBXBuildFile; fileRef = A9AF8861142DC10000E19E75 /* shBrushPhp.js */; };
		A9AF88D0142DC17A00E19E75 /* shBrushPlain.js in Resources */ = {isa = PBXBuildFile; fileRef = A9AF8862142DC10000E19E75 /* shBrushPlain.js */; };
		A9AF88D1142DC17A00E19E75 /* shBrushPowerShell.js in Resources */ = {isa = PBXBuildFile; fileRef = A9AF8863142DC10000E19E75 /* shBrushPowerShell.js */; };
		A9AF88D2142DC17A00E19E75 /* shBrushPython.js in Resources */ = {isa = PBXBuildFile; fileRef = A9AF8864142DC10000E19E75 /* shBrushPython.js */; };
		A9AF88D3142DC17A00E19E75 /* shBrushRuby.js in Resources */ = {isa = PBXBuildFile; fileRef = A9AF8865142DC10000E19E75 /* shBrushRuby.js */; };
		A9AF88D4142DC17A00E19E75 /* shBrushSass.js in Resources */ = {isa = PBXBuildFile; fileRef = A9AF8866142DC10000E19E75 /* shBrushSass.js */; };
		A9AF88D5142DC17A00E19E75 /* shBrushScala.js in Resources */ = {isa = PBXBuildFile; fileRef = A9AF8867142DC10000E19E75 /* shBrushScala.js */; };
		A9AF88D6142DC17A00E19E75 /* shBrushSql.js in Resources */ = {isa = PBXBuildFile; fileRef = A9AF8868142DC10000E19E75 /* shBrushSql.js */; };
		A9AF88D7142DC17A00E19E75 /* shBrushVb.js in Resources */ = {isa = PBXBuildFile; fileRef = A9AF8869142DC10000E19E75 /* shBrushVb.js */; };
		A9AF88D8142DC17A00E19E75 /* shBrushXml.js in Resources */ = {isa = PBXBuildFile; fileRef = A9AF886A142DC10000E19E75 /* shBrushXml.js */; };
		A9AF88D9142DC17A00E19E75 /* shCore.js in Resources */ = {isa = PBXBuildFile; fileRef = A9AF886B142DC10000E19E75 /* shCore.js */; };
		A9AF88DA142DC17A00E19E75 /* shLegacy.js in Resources */ = {isa = PBXBuildFile; fileRef = A9AF886C142DC10000E19E75 /* shLegacy.js */; };
		A9BB30E1142CDB9600DC39E8 /* WebKit.framework in Frameworks */ = {isa = PBXBuildFile; fileRef = A9BB30E0142CDB9600DC39E8 /* WebKit.framework */; };
/* End PBXBuildFile section */

/* Begin PBXContainerItemProxy section */
		A933F7AF142CCB8A00F093F6 /* PBXContainerItemProxy */ = {
			isa = PBXContainerItemProxy;
			containerPortal = A933F79D142CCB8A00F093F6 /* Project object */;
			proxyType = 1;
			remoteGlobalIDString = A933F7A5142CCB8A00F093F6;
			remoteInfo = CodeSnippet;
		};
/* End PBXContainerItemProxy section */

/* Begin PBXFileReference section */
		A91250AC142DF8020076BDF0 /* GradientView.rb */ = {isa = PBXFileReference; fileEncoding = 4; lastKnownFileType = text.script.ruby; path = GradientView.rb; sourceTree = "<group>"; };
		A933F7A6142CCB8A00F093F6 /* CodeSnippet.app */ = {isa = PBXFileReference; explicitFileType = wrapper.application; includeInIndex = 0; path = CodeSnippet.app; sourceTree = BUILT_PRODUCTS_DIR; };
		A933F7AA142CCB8A00F093F6 /* Cocoa.framework */ = {isa = PBXFileReference; lastKnownFileType = wrapper.framework; name = Cocoa.framework; path = System/Library/Frameworks/Cocoa.framework; sourceTree = SDKROOT; };
		A933F7AC142CCB8A00F093F6 /* MacRuby.framework */ = {isa = PBXFileReference; lastKnownFileType = wrapper.framework; name = MacRuby.framework; path = Library/Frameworks/MacRuby.framework; sourceTree = DEVELOPER_DIR; };
		A933F7B3142CCB8A00F093F6 /* CodeSnippet-Info.plist */ = {isa = PBXFileReference; lastKnownFileType = text.plist.xml; path = "CodeSnippet-Info.plist"; sourceTree = "<group>"; };
		A933F7B5142CCB8A00F093F6 /* en */ = {isa = PBXFileReference; lastKnownFileType = text.plist.strings; name = en; path = en.lproj/InfoPlist.strings; sourceTree = "<group>"; };
		A933F7B7142CCB8A00F093F6 /* main.m */ = {isa = PBXFileReference; lastKnownFileType = sourcecode.c.objc; path = main.m; sourceTree = "<group>"; };
		A933F7B9142CCB8A00F093F6 /* CodeSnippet-Prefix.pch */ = {isa = PBXFileReference; lastKnownFileType = sourcecode.c.h; path = "CodeSnippet-Prefix.pch"; sourceTree = "<group>"; };
		A933F7BC142CCB8A00F093F6 /* en */ = {isa = PBXFileReference; lastKnownFileType = file.xib; name = en; path = en.lproj/MainMenu.xib; sourceTree = "<group>"; };
		A933F7BF142CCB8A00F093F6 /* rb_main.rb */ = {isa = PBXFileReference; lastKnownFileType = text.script.ruby; path = rb_main.rb; sourceTree = "<group>"; };
		A933F7C1142CCB8A00F093F6 /* AppDelegate.rb */ = {isa = PBXFileReference; lastKnownFileType = text.script.ruby; path = AppDelegate.rb; sourceTree = "<group>"; };
		A933F7C4142CCB8A00F093F6 /* CodeSnippet.xcdatamodel */ = {isa = PBXFileReference; lastKnownFileType = wrapper.xcdatamodel; path = CodeSnippet.xcdatamodel; sourceTree = "<group>"; };
		A97BB94B142D7663005AAA37 /* EditController.rb */ = {isa = PBXFileReference; fileEncoding = 4; lastKnownFileType = text.script.ruby; path = EditController.rb; sourceTree = "<group>"; };
		A9AF883D142DC10000E19E75 /* _theme_template.scss */ = {isa = PBXFileReference; fileEncoding = 4; lastKnownFileType = text; path = _theme_template.scss; sourceTree = "<group>"; };
		A9AF883E142DC10000E19E75 /* config.rb */ = {isa = PBXFileReference; fileEncoding = 4; lastKnownFileType = text.script.ruby; path = config.rb; sourceTree = "<group>"; };
		A9AF883F142DC10000E19E75 /* shCore.scss */ = {isa = PBXFileReference; fileEncoding = 4; lastKnownFileType = text; path = shCore.scss; sourceTree = "<group>"; };
		A9AF8840142DC10000E19E75 /* shCoreDefault.scss */ = {isa = PBXFileReference; fileEncoding = 4; lastKnownFileType = text; path = shCoreDefault.scss; sourceTree = "<group>"; };
		A9AF8841142DC10000E19E75 /* shCoreDjango.scss */ = {isa = PBXFileReference; fileEncoding = 4; lastKnownFileType = text; path = shCoreDjango.scss; sourceTree = "<group>"; };
		A9AF8842142DC10000E19E75 /* shCoreEclipse.scss */ = {isa = PBXFileReference; fileEncoding = 4; lastKnownFileType = text; path = shCoreEclipse.scss; sourceTree = "<group>"; };
		A9AF8843142DC10000E19E75 /* shCoreEmacs.scss */ = {isa = PBXFileReference; fileEncoding = 4; lastKnownFileType = text; path = shCoreEmacs.scss; sourceTree = "<group>"; };
		A9AF8844142DC10000E19E75 /* shCoreFadeToGrey.scss */ = {isa = PBXFileReference; fileEncoding = 4; lastKnownFileType = text; path = shCoreFadeToGrey.scss; sourceTree = "<group>"; };
		A9AF8845142DC10000E19E75 /* shCoreMDUltra.scss */ = {isa = PBXFileReference; fileEncoding = 4; lastKnownFileType = text; path = shCoreMDUltra.scss; sourceTree = "<group>"; };
		A9AF8846142DC10000E19E75 /* shCoreMidnight.scss */ = {isa = PBXFileReference; fileEncoding = 4; lastKnownFileType = text; path = shCoreMidnight.scss; sourceTree = "<group>"; };
		A9AF8847142DC10000E19E75 /* shCoreRDark.scss */ = {isa = PBXFileReference; fileEncoding = 4; lastKnownFileType = text; path = shCoreRDark.scss; sourceTree = "<group>"; };
		A9AF8848142DC10000E19E75 /* shThemeDefault.scss */ = {isa = PBXFileReference; fileEncoding = 4; lastKnownFileType = text; path = shThemeDefault.scss; sourceTree = "<group>"; };
		A9AF8849142DC10000E19E75 /* shThemeDjango.scss */ = {isa = PBXFileReference; fileEncoding = 4; lastKnownFileType = text; path = shThemeDjango.scss; sourceTree = "<group>"; };
		A9AF884A142DC10000E19E75 /* shThemeEclipse.scss */ = {isa = PBXFileReference; fileEncoding = 4; lastKnownFileType = text; path = shThemeEclipse.scss; sourceTree = "<group>"; };
		A9AF884B142DC10000E19E75 /* shThemeEmacs.scss */ = {isa = PBXFileReference; fileEncoding = 4; lastKnownFileType = text; path = shThemeEmacs.scss; sourceTree = "<group>"; };
		A9AF884C142DC10000E19E75 /* shThemeFadeToGrey.scss */ = {isa = PBXFileReference; fileEncoding = 4; lastKnownFileType = text; path = shThemeFadeToGrey.scss; sourceTree = "<group>"; };
		A9AF884D142DC10000E19E75 /* shThemeMDUltra.scss */ = {isa = PBXFileReference; fileEncoding = 4; lastKnownFileType = text; path = shThemeMDUltra.scss; sourceTree = "<group>"; };
		A9AF884E142DC10000E19E75 /* shThemeMidnight.scss */ = {isa = PBXFileReference; fileEncoding = 4; lastKnownFileType = text; path = shThemeMidnight.scss; sourceTree = "<group>"; };
		A9AF884F142DC10000E19E75 /* shThemeRDark.scss */ = {isa = PBXFileReference; fileEncoding = 4; lastKnownFileType = text; path = shThemeRDark.scss; sourceTree = "<group>"; };
		A9AF8851142DC10000E19E75 /* shAutoloader.js */ = {isa = PBXFileReference; fileEncoding = 4; lastKnownFileType = sourcecode.javascript; path = shAutoloader.js; sourceTree = "<group>"; };
		A9AF8852142DC10000E19E75 /* shBrushAppleScript.js */ = {isa = PBXFileReference; fileEncoding = 4; lastKnownFileType = sourcecode.javascript; path = shBrushAppleScript.js; sourceTree = "<group>"; };
		A9AF8853142DC10000E19E75 /* shBrushAS3.js */ = {isa = PBXFileReference; fileEncoding = 4; lastKnownFileType = sourcecode.javascript; path = shBrushAS3.js; sourceTree = "<group>"; };
		A9AF8854142DC10000E19E75 /* shBrushBash.js */ = {isa = PBXFileReference; fileEncoding = 4; lastKnownFileType = sourcecode.javascript; path = shBrushBash.js; sourceTree = "<group>"; };
		A9AF8855142DC10000E19E75 /* shBrushColdFusion.js */ = {isa = PBXFileReference; fileEncoding = 4; lastKnownFileType = sourcecode.javascript; path = shBrushColdFusion.js; sourceTree = "<group>"; };
		A9AF8856142DC10000E19E75 /* shBrushCpp.js */ = {isa = PBXFileReference; fileEncoding = 4; lastKnownFileType = sourcecode.javascript; path = shBrushCpp.js; sourceTree = "<group>"; };
		A9AF8857142DC10000E19E75 /* shBrushCSharp.js */ = {isa = PBXFileReference; fileEncoding = 4; lastKnownFileType = sourcecode.javascript; path = shBrushCSharp.js; sourceTree = "<group>"; };
		A9AF8858142DC10000E19E75 /* shBrushCss.js */ = {isa = PBXFileReference; fileEncoding = 4; lastKnownFileType = sourcecode.javascript; path = shBrushCss.js; sourceTree = "<group>"; };
		A9AF8859142DC10000E19E75 /* shBrushDelphi.js */ = {isa = PBXFileReference; fileEncoding = 4; lastKnownFileType = sourcecode.javascript; path = shBrushDelphi.js; sourceTree = "<group>"; };
		A9AF885A142DC10000E19E75 /* shBrushDiff.js */ = {isa = PBXFileReference; fileEncoding = 4; lastKnownFileType = sourcecode.javascript; path = shBrushDiff.js; sourceTree = "<group>"; };
		A9AF885B142DC10000E19E75 /* shBrushErlang.js */ = {isa = PBXFileReference; fileEncoding = 4; lastKnownFileType = sourcecode.javascript; path = shBrushErlang.js; sourceTree = "<group>"; };
		A9AF885C142DC10000E19E75 /* shBrushGroovy.js */ = {isa = PBXFileReference; fileEncoding = 4; lastKnownFileType = sourcecode.javascript; path = shBrushGroovy.js; sourceTree = "<group>"; };
		A9AF885D142DC10000E19E75 /* shBrushJava.js */ = {isa = PBXFileReference; fileEncoding = 4; lastKnownFileType = sourcecode.javascript; path = shBrushJava.js; sourceTree = "<group>"; };
		A9AF885E142DC10000E19E75 /* shBrushJavaFX.js */ = {isa = PBXFileReference; fileEncoding = 4; lastKnownFileType = sourcecode.javascript; path = shBrushJavaFX.js; sourceTree = "<group>"; };
		A9AF885F142DC10000E19E75 /* shBrushJScript.js */ = {isa = PBXFileReference; fileEncoding = 4; lastKnownFileType = sourcecode.javascript; path = shBrushJScript.js; sourceTree = "<group>"; };
		A9AF8860142DC10000E19E75 /* shBrushPerl.js */ = {isa = PBXFileReference; fileEncoding = 4; lastKnownFileType = sourcecode.javascript; path = shBrushPerl.js; sourceTree = "<group>"; };
		A9AF8861142DC10000E19E75 /* shBrushPhp.js */ = {isa = PBXFileReference; fileEncoding = 4; lastKnownFileType = sourcecode.javascript; path = shBrushPhp.js; sourceTree = "<group>"; };
		A9AF8862142DC10000E19E75 /* shBrushPlain.js */ = {isa = PBXFileReference; fileEncoding = 4; lastKnownFileType = sourcecode.javascript; path = shBrushPlain.js; sourceTree = "<group>"; };
		A9AF8863142DC10000E19E75 /* shBrushPowerShell.js */ = {isa = PBXFileReference; fileEncoding = 4; lastKnownFileType = sourcecode.javascript; path = shBrushPowerShell.js; sourceTree = "<group>"; };
		A9AF8864142DC10000E19E75 /* shBrushPython.js */ = {isa = PBXFileReference; fileEncoding = 4; lastKnownFileType = sourcecode.javascript; path = shBrushPython.js; sourceTree = "<group>"; };
		A9AF8865142DC10000E19E75 /* shBrushRuby.js */ = {isa = PBXFileReference; fileEncoding = 4; lastKnownFileType = sourcecode.javascript; path = shBrushRuby.js; sourceTree = "<group>"; };
		A9AF8866142DC10000E19E75 /* shBrushSass.js */ = {isa = PBXFileReference; fileEncoding = 4; lastKnownFileType = sourcecode.javascript; path = shBrushSass.js; sourceTree = "<group>"; };
		A9AF8867142DC10000E19E75 /* shBrushScala.js */ = {isa = PBXFileReference; fileEncoding = 4; lastKnownFileType = sourcecode.javascript; path = shBrushScala.js; sourceTree = "<group>"; };
		A9AF8868142DC10000E19E75 /* shBrushSql.js */ = {isa = PBXFileReference; fileEncoding = 4; lastKnownFileType = sourcecode.javascript; path = shBrushSql.js; sourceTree = "<group>"; };
		A9AF8869142DC10000E19E75 /* shBrushVb.js */ = {isa = PBXFileReference; fileEncoding = 4; lastKnownFileType = sourcecode.javascript; path = shBrushVb.js; sourceTree = "<group>"; };
		A9AF886A142DC10000E19E75 /* shBrushXml.js */ = {isa = PBXFileReference; fileEncoding = 4; lastKnownFileType = sourcecode.javascript; path = shBrushXml.js; sourceTree = "<group>"; };
		A9AF886B142DC10000E19E75 /* shCore.js */ = {isa = PBXFileReference; fileEncoding = 4; lastKnownFileType = sourcecode.javascript; path = shCore.js; sourceTree = "<group>"; };
		A9AF886C142DC10000E19E75 /* shLegacy.js */ = {isa = PBXFileReference; fileEncoding = 4; lastKnownFileType = sourcecode.javascript; path = shLegacy.js; sourceTree = "<group>"; };
		A9AF886E142DC10000E19E75 /* shCore.css */ = {isa = PBXFileReference; fileEncoding = 4; lastKnownFileType = text.css; path = shCore.css; sourceTree = "<group>"; };
		A9AF886F142DC10000E19E75 /* shCoreDefault.css */ = {isa = PBXFileReference; fileEncoding = 4; lastKnownFileType = text.css; path = shCoreDefault.css; sourceTree = "<group>"; };
		A9AF8870142DC10000E19E75 /* shCoreDjango.css */ = {isa = PBXFileReference; fileEncoding = 4; lastKnownFileType = text.css; path = shCoreDjango.css; sourceTree = "<group>"; };
		A9AF8871142DC10000E19E75 /* shCoreEclipse.css */ = {isa = PBXFileReference; fileEncoding = 4; lastKnownFileType = text.css; path = shCoreEclipse.css; sourceTree = "<group>"; };
		A9AF8872142DC10000E19E75 /* shCoreEmacs.css */ = {isa = PBXFileReference; fileEncoding = 4; lastKnownFileType = text.css; path = shCoreEmacs.css; sourceTree = "<group>"; };
		A9AF8873142DC10000E19E75 /* shCoreFadeToGrey.css */ = {isa = PBXFileReference; fileEncoding = 4; lastKnownFileType = text.css; path = shCoreFadeToGrey.css; sourceTree = "<group>"; };
		A9AF8874142DC10000E19E75 /* shCoreMDUltra.css */ = {isa = PBXFileReference; fileEncoding = 4; lastKnownFileType = text.css; path = shCoreMDUltra.css; sourceTree = "<group>"; };
		A9AF8875142DC10000E19E75 /* shCoreMidnight.css */ = {isa = PBXFileReference; fileEncoding = 4; lastKnownFileType = text.css; path = shCoreMidnight.css; sourceTree = "<group>"; };
		A9AF8876142DC10000E19E75 /* shCoreRDark.css */ = {isa = PBXFileReference; fileEncoding = 4; lastKnownFileType = text.css; path = shCoreRDark.css; sourceTree = "<group>"; };
		A9AF8877142DC10000E19E75 /* shThemeDefault.css */ = {isa = PBXFileReference; fileEncoding = 4; lastKnownFileType = text.css; path = shThemeDefault.css; sourceTree = "<group>"; };
		A9AF8878142DC10000E19E75 /* shThemeDjango.css */ = {isa = PBXFileReference; fileEncoding = 4; lastKnownFileType = text.css; path = shThemeDjango.css; sourceTree = "<group>"; };
		A9AF8879142DC10000E19E75 /* shThemeEclipse.css */ = {isa = PBXFileReference; fileEncoding = 4; lastKnownFileType = text.css; path = shThemeEclipse.css; sourceTree = "<group>"; };
		A9AF887A142DC10000E19E75 /* shThemeEmacs.css */ = {isa = PBXFileReference; fileEncoding = 4; lastKnownFileType = text.css; path = shThemeEmacs.css; sourceTree = "<group>"; };
		A9AF887B142DC10000E19E75 /* shThemeFadeToGrey.css */ = {isa = PBXFileReference; fileEncoding = 4; lastKnownFileType = text.css; path = shThemeFadeToGrey.css; sourceTree = "<group>"; };
		A9AF887C142DC10000E19E75 /* shThemeMDUltra.css */ = {isa = PBXFileReference; fileEncoding = 4; lastKnownFileType = text.css; path = shThemeMDUltra.css; sourceTree = "<group>"; };
		A9AF887D142DC10000E19E75 /* shThemeMidnight.css */ = {isa = PBXFileReference; fileEncoding = 4; lastKnownFileType = text.css; path = shThemeMidnight.css; sourceTree = "<group>"; };
		A9AF887E142DC10000E19E75 /* shThemeRDark.css */ = {isa = PBXFileReference; fileEncoding = 4; lastKnownFileType = text.css; path = shThemeRDark.css; sourceTree = "<group>"; };
		A9BB30E0142CDB9600DC39E8 /* WebKit.framework */ = {isa = PBXFileReference; lastKnownFileType = wrapper.framework; name = WebKit.framework; path = ../../../../System/Library/Frameworks/WebKit.framework; sourceTree = "<group>"; };
/* End PBXFileReference section */

/* Begin PBXFrameworksBuildPhase section */
		A933F7A3142CCB8A00F093F6 /* Frameworks */ = {
			isa = PBXFrameworksBuildPhase;
			buildActionMask = 2147483647;
			files = (
				A933F7AB142CCB8A00F093F6 /* Cocoa.framework in Frameworks */,
				A933F7AD142CCB8A00F093F6 /* MacRuby.framework in Frameworks */,
				A9BB30E1142CDB9600DC39E8 /* WebKit.framework in Frameworks */,
			);
			runOnlyForDeploymentPostprocessing = 0;
		};
/* End PBXFrameworksBuildPhase section */

/* Begin PBXGroup section */
		A933F79B142CCB8A00F093F6 = {
			isa = PBXGroup;
			children = (
				A933F7B1142CCB8A00F093F6 /* CodeSnippet */,
				A933F7A9142CCB8A00F093F6 /* Frameworks */,
				A933F7A7142CCB8A00F093F6 /* Products */,
			);
			sourceTree = "<group>";
		};
		A933F7A7142CCB8A00F093F6 /* Products */ = {
			isa = PBXGroup;
			children = (
				A933F7A6142CCB8A00F093F6 /* CodeSnippet.app */,
			);
			name = Products;
			sourceTree = "<group>";
		};
		A933F7A9142CCB8A00F093F6 /* Frameworks */ = {
			isa = PBXGroup;
			children = (
				A9BB30E0142CDB9600DC39E8 /* WebKit.framework */,
				A933F7AA142CCB8A00F093F6 /* Cocoa.framework */,
				A933F7AC142CCB8A00F093F6 /* MacRuby.framework */,
			);
			name = Frameworks;
			sourceTree = "<group>";
		};
		A933F7B1142CCB8A00F093F6 /* CodeSnippet */ = {
			isa = PBXGroup;
			children = (
				A9AF883B142DC0FF00E19E75 /* syntaxhighlighter */,
				A933F7C1142CCB8A00F093F6 /* AppDelegate.rb */,
				A933F7C3142CCB8A00F093F6 /* CodeSnippet.xcdatamodeld */,
				A933F7BA142CCB8A00F093F6 /* Resources */,
				A933F7BE142CCB8A00F093F6 /* Other Sources */,
				A933F7B2142CCB8A00F093F6 /* Supporting Files */,
				A97BB94B142D7663005AAA37 /* EditController.rb */,
				A91250AC142DF8020076BDF0 /* GradientView.rb */,
			);
			path = CodeSnippet;
			sourceTree = "<group>";
		};
		A933F7B2142CCB8A00F093F6 /* Supporting Files */ = {
			isa = PBXGroup;
			children = (
				A933F7B3142CCB8A00F093F6 /* CodeSnippet-Info.plist */,
				A933F7B4142CCB8A00F093F6 /* InfoPlist.strings */,
				A933F7B7142CCB8A00F093F6 /* main.m */,
				A933F7B9142CCB8A00F093F6 /* CodeSnippet-Prefix.pch */,
			);
			name = "Supporting Files";
			sourceTree = "<group>";
		};
		A933F7BA142CCB8A00F093F6 /* Resources */ = {
			isa = PBXGroup;
			children = (
				A933F7BB142CCB8A00F093F6 /* MainMenu.xib */,
			);
			name = Resources;
			sourceTree = "<group>";
		};
		A933F7BE142CCB8A00F093F6 /* Other Sources */ = {
			isa = PBXGroup;
			children = (
				A933F7BF142CCB8A00F093F6 /* rb_main.rb */,
			);
			name = "Other Sources";
			sourceTree = "<group>";
		};
		A9AF883B142DC0FF00E19E75 /* syntaxhighlighter */ = {
			isa = PBXGroup;
			children = (
				A9AF883C142DC10000E19E75 /* compass */,
				A9AF8850142DC10000E19E75 /* scripts */,
				A9AF886D142DC10000E19E75 /* styles */,
			);
			path = syntaxhighlighter;
			sourceTree = "<group>";
		};
		A9AF883C142DC10000E19E75 /* compass */ = {
			isa = PBXGroup;
			children = (
				A9AF883D142DC10000E19E75 /* _theme_template.scss */,
				A9AF883E142DC10000E19E75 /* config.rb */,
				A9AF883F142DC10000E19E75 /* shCore.scss */,
				A9AF8840142DC10000E19E75 /* shCoreDefault.scss */,
				A9AF8841142DC10000E19E75 /* shCoreDjango.scss */,
				A9AF8842142DC10000E19E75 /* shCoreEclipse.scss */,
				A9AF8843142DC10000E19E75 /* shCoreEmacs.scss */,
				A9AF8844142DC10000E19E75 /* shCoreFadeToGrey.scss */,
				A9AF8845142DC10000E19E75 /* shCoreMDUltra.scss */,
				A9AF8846142DC10000E19E75 /* shCoreMidnight.scss */,
				A9AF8847142DC10000E19E75 /* shCoreRDark.scss */,
				A9AF8848142DC10000E19E75 /* shThemeDefault.scss */,
				A9AF8849142DC10000E19E75 /* shThemeDjango.scss */,
				A9AF884A142DC10000E19E75 /* shThemeEclipse.scss */,
				A9AF884B142DC10000E19E75 /* shThemeEmacs.scss */,
				A9AF884C142DC10000E19E75 /* shThemeFadeToGrey.scss */,
				A9AF884D142DC10000E19E75 /* shThemeMDUltra.scss */,
				A9AF884E142DC10000E19E75 /* shThemeMidnight.scss */,
				A9AF884F142DC10000E19E75 /* shThemeRDark.scss */,
			);
			path = compass;
			sourceTree = "<group>";
		};
		A9AF8850142DC10000E19E75 /* scripts */ = {
			isa = PBXGroup;
			children = (
				A9AF8851142DC10000E19E75 /* shAutoloader.js */,
				A9AF8852142DC10000E19E75 /* shBrushAppleScript.js */,
				A9AF8853142DC10000E19E75 /* shBrushAS3.js */,
				A9AF8854142DC10000E19E75 /* shBrushBash.js */,
				A9AF8855142DC10000E19E75 /* shBrushColdFusion.js */,
				A9AF8856142DC10000E19E75 /* shBrushCpp.js */,
				A9AF8857142DC10000E19E75 /* shBrushCSharp.js */,
				A9AF8858142DC10000E19E75 /* shBrushCss.js */,
				A9AF8859142DC10000E19E75 /* shBrushDelphi.js */,
				A9AF885A142DC10000E19E75 /* shBrushDiff.js */,
				A9AF885B142DC10000E19E75 /* shBrushErlang.js */,
				A9AF885C142DC10000E19E75 /* shBrushGroovy.js */,
				A9AF885D142DC10000E19E75 /* shBrushJava.js */,
				A9AF885E142DC10000E19E75 /* shBrushJavaFX.js */,
				A9AF885F142DC10000E19E75 /* shBrushJScript.js */,
				A9AF8860142DC10000E19E75 /* shBrushPerl.js */,
				A9AF8861142DC10000E19E75 /* shBrushPhp.js */,
				A9AF8862142DC10000E19E75 /* shBrushPlain.js */,
				A9AF8863142DC10000E19E75 /* shBrushPowerShell.js */,
				A9AF8864142DC10000E19E75 /* shBrushPython.js */,
				A9AF8865142DC10000E19E75 /* shBrushRuby.js */,
				A9AF8866142DC10000E19E75 /* shBrushSass.js */,
				A9AF8867142DC10000E19E75 /* shBrushScala.js */,
				A9AF8868142DC10000E19E75 /* shBrushSql.js */,
				A9AF8869142DC10000E19E75 /* shBrushVb.js */,
				A9AF886A142DC10000E19E75 /* shBrushXml.js */,
				A9AF886B142DC10000E19E75 /* shCore.js */,
				A9AF886C142DC10000E19E75 /* shLegacy.js */,
			);
			path = scripts;
			sourceTree = "<group>";
		};
		A9AF886D142DC10000E19E75 /* styles */ = {
			isa = PBXGroup;
			children = (
				A9AF886E142DC10000E19E75 /* shCore.css */,
				A9AF886F142DC10000E19E75 /* shCoreDefault.css */,
				A9AF8870142DC10000E19E75 /* shCoreDjango.css */,
				A9AF8871142DC10000E19E75 /* shCoreEclipse.css */,
				A9AF8872142DC10000E19E75 /* shCoreEmacs.css */,
				A9AF8873142DC10000E19E75 /* shCoreFadeToGrey.css */,
				A9AF8874142DC10000E19E75 /* shCoreMDUltra.css */,
				A9AF8875142DC10000E19E75 /* shCoreMidnight.css */,
				A9AF8876142DC10000E19E75 /* shCoreRDark.css */,
				A9AF8877142DC10000E19E75 /* shThemeDefault.css */,
				A9AF8878142DC10000E19E75 /* shThemeDjango.css */,
				A9AF8879142DC10000E19E75 /* shThemeEclipse.css */,
				A9AF887A142DC10000E19E75 /* shThemeEmacs.css */,
				A9AF887B142DC10000E19E75 /* shThemeFadeToGrey.css */,
				A9AF887C142DC10000E19E75 /* shThemeMDUltra.css */,
				A9AF887D142DC10000E19E75 /* shThemeMidnight.css */,
				A9AF887E142DC10000E19E75 /* shThemeRDark.css */,
			);
			path = styles;
			sourceTree = "<group>";
		};
/* End PBXGroup section */

/* Begin PBXLegacyTarget section */
		A933F7AE142CCB8A00F093F6 /* Deployment */ = {
			isa = PBXLegacyTarget;
			buildArgumentsString = "--compile --embed";
			buildConfigurationList = A933F7CB142CCB8A00F093F6 /* Build configuration list for PBXLegacyTarget "Deployment" */;
			buildPhases = (
			);
			buildToolPath = /usr/local/bin/macruby_deploy;
			dependencies = (
				A933F7B0142CCB8A00F093F6 /* PBXTargetDependency */,
			);
			name = Deployment;
			passBuildSettingsInEnvironment = 1;
			productName = Deployment;
		};
/* End PBXLegacyTarget section */

/* Begin PBXNativeTarget section */
		A933F7A5142CCB8A00F093F6 /* CodeSnippet */ = {
			isa = PBXNativeTarget;
			buildConfigurationList = A933F7C8142CCB8A00F093F6 /* Build configuration list for PBXNativeTarget "CodeSnippet" */;
			buildPhases = (
				A933F7A2142CCB8A00F093F6 /* Sources */,
				A933F7A3142CCB8A00F093F6 /* Frameworks */,
				A933F7A4142CCB8A00F093F6 /* Resources */,
			);
			buildRules = (
			);
			dependencies = (
			);
			name = CodeSnippet;
			productName = CodeSnippet;
			productReference = A933F7A6142CCB8A00F093F6 /* CodeSnippet.app */;
			productType = "com.apple.product-type.application";
		};
/* End PBXNativeTarget section */

/* Begin PBXProject section */
		A933F79D142CCB8A00F093F6 /* Project object */ = {
			isa = PBXProject;
			attributes = {
				LastUpgradeCheck = 0420;
			};
			buildConfigurationList = A933F7A0142CCB8A00F093F6 /* Build configuration list for PBXProject "CodeSnippet" */;
			compatibilityVersion = "Xcode 3.2";
			developmentRegion = English;
			hasScannedForEncodings = 0;
			knownRegions = (
				en,
			);
			mainGroup = A933F79B142CCB8A00F093F6;
			productRefGroup = A933F7A7142CCB8A00F093F6 /* Products */;
			projectDirPath = "";
			projectRoot = "";
			targets = (
				A933F7A5142CCB8A00F093F6 /* CodeSnippet */,
				A933F7AE142CCB8A00F093F6 /* Deployment */,
			);
		};
/* End PBXProject section */

/* Begin PBXResourcesBuildPhase section */
		A933F7A4142CCB8A00F093F6 /* Resources */ = {
			isa = PBXResourcesBuildPhase;
			buildActionMask = 2147483647;
			files = (
				A9AF88BF142DC17A00E19E75 /* shAutoloader.js in Resources */,
				A9AF88C0142DC17A00E19E75 /* shBrushAppleScript.js in Resources */,
				A9AF88C1142DC17A00E19E75 /* shBrushAS3.js in Resources */,
				A9AF88C2142DC17A00E19E75 /* shBrushBash.js in Resources */,
				A9AF88C3142DC17A00E19E75 /* shBrushColdFusion.js in Resources */,
				A9AF88C4142DC17A00E19E75 /* shBrushCpp.js in Resources */,
				A9AF88C5142DC17A00E19E75 /* shBrushCSharp.js in Resources */,
				A9AF88C6142DC17A00E19E75 /* shBrushCss.js in Resources */,
				A9AF88C7142DC17A00E19E75 /* shBrushDelphi.js in Resources */,
				A9AF88C8142DC17A00E19E75 /* shBrushDiff.js in Resources */,
				A9AF88C9142DC17A00E19E75 /* shBrushErlang.js in Resources */,
				A9AF88CA142DC17A00E19E75 /* shBrushGroovy.js in Resources */,
				A9AF88CB142DC17A00E19E75 /* shBrushJava.js in Resources */,
				A9AF88CC142DC17A00E19E75 /* shBrushJavaFX.js in Resources */,
				A9AF88CD142DC17A00E19E75 /* shBrushJScript.js in Resources */,
				A9AF88CE142DC17A00E19E75 /* shBrushPerl.js in Resources */,
				A9AF88CF142DC17A00E19E75 /* shBrushPhp.js in Resources */,
				A9AF88D0142DC17A00E19E75 /* shBrushPlain.js in Resources */,
				A9AF88D1142DC17A00E19E75 /* shBrushPowerShell.js in Resources */,
				A9AF88D2142DC17A00E19E75 /* shBrushPython.js in Resources */,
				A9AF88D3142DC17A00E19E75 /* shBrushRuby.js in Resources */,
				A9AF88D4142DC17A00E19E75 /* shBrushSass.js in Resources */,
				A9AF88D5142DC17A00E19E75 /* shBrushScala.js in Resources */,
				A9AF88D6142DC17A00E19E75 /* shBrushSql.js in Resources */,
				A9AF88D7142DC17A00E19E75 /* shBrushVb.js in Resources */,
				A9AF88D8142DC17A00E19E75 /* shBrushXml.js in Resources */,
				A9AF88D9142DC17A00E19E75 /* shCore.js in Resources */,
				A9AF88DA142DC17A00E19E75 /* shLegacy.js in Resources */,
				A933F7B6142CCB8A00F093F6 /* InfoPlist.strings in Resources */,
				A933F7BD142CCB8A00F093F6 /* MainMenu.xib in Resources */,
				A933F7C0142CCB8A00F093F6 /* rb_main.rb in Resources */,
				A933F7C2142CCB8A00F093F6 /* AppDelegate.rb in Resources */,
				A97BB94C142D7663005AAA37 /* EditController.rb in Resources */,
				A9AF88AE142DC10000E19E75 /* shCore.css in Resources */,
				A9AF88AF142DC10000E19E75 /* shCoreDefault.css in Resources */,
				A9AF88B0142DC10000E19E75 /* shCoreDjango.css in Resources */,
				A9AF88B1142DC10000E19E75 /* shCoreEclipse.css in Resources */,
				A9AF88B2142DC10000E19E75 /* shCoreEmacs.css in Resources */,
				A9AF88B3142DC10000E19E75 /* shCoreFadeToGrey.css in Resources */,
				A9AF88B4142DC10000E19E75 /* shCoreMDUltra.css in Resources */,
				A9AF88B5142DC10000E19E75 /* shCoreMidnight.css in Resources */,
				A9AF88B6142DC10000E19E75 /* shCoreRDark.css in Resources */,
				A9AF88B7142DC10000E19E75 /* shThemeDefault.css in Resources */,
				A9AF88B8142DC10000E19E75 /* shThemeDjango.css in Resources */,
				A9AF88B9142DC10000E19E75 /* shThemeEclipse.css in Resources */,
				A9AF88BA142DC10000E19E75 /* shThemeEmacs.css in Resources */,
				A9AF88BB142DC10000E19E75 /* shThemeFadeToGrey.css in Resources */,
				A9AF88BC142DC10000E19E75 /* shThemeMDUltra.css in Resources */,
				A9AF88BD142DC10000E19E75 /* shThemeMidnight.css in Resources */,
				A9AF88BE142DC10000E19E75 /* shThemeRDark.css in Resources */,
				A91250AD142DF8020076BDF0 /* GradientView.rb in Resources */,
			);
			runOnlyForDeploymentPostprocessing = 0;
		};
/* End PBXResourcesBuildPhase section */

/* Begin PBXSourcesBuildPhase section */
		A933F7A2142CCB8A00F093F6 /* Sources */ = {
			isa = PBXSourcesBuildPhase;
			buildActionMask = 2147483647;
			files = (
				A933F7B8142CCB8A00F093F6 /* main.m in Sources */,
				A933F7C5142CCB8A00F093F6 /* CodeSnippet.xcdatamodeld in Sources */,
			);
			runOnlyForDeploymentPostprocessing = 0;
		};
/* End PBXSourcesBuildPhase section */

/* Begin PBXTargetDependency section */
		A933F7B0142CCB8A00F093F6 /* PBXTargetDependency */ = {
			isa = PBXTargetDependency;
			target = A933F7A5142CCB8A00F093F6 /* CodeSnippet */;
			targetProxy = A933F7AF142CCB8A00F093F6 /* PBXContainerItemProxy */;
		};
/* End PBXTargetDependency section */

/* Begin PBXVariantGroup section */
		A933F7B4142CCB8A00F093F6 /* InfoPlist.strings */ = {
			isa = PBXVariantGroup;
			children = (
				A933F7B5142CCB8A00F093F6 /* en */,
			);
			name = InfoPlist.strings;
			sourceTree = "<group>";
		};
		A933F7BB142CCB8A00F093F6 /* MainMenu.xib */ = {
			isa = PBXVariantGroup;
			children = (
				A933F7BC142CCB8A00F093F6 /* en */,
			);
			name = MainMenu.xib;
			sourceTree = "<group>";
		};
/* End PBXVariantGroup section */

/* Begin XCBuildConfiguration section */
		A933F7C6142CCB8A00F093F6 /* Debug */ = {
			isa = XCBuildConfiguration;
			buildSettings = {
				ALWAYS_SEARCH_USER_PATHS = NO;
				ARCHS = "$(ARCHS_STANDARD_64_BIT)";
				COPY_PHASE_STRIP = NO;
				GCC_C_LANGUAGE_STANDARD = gnu99;
				GCC_DYNAMIC_NO_PIC = NO;
				GCC_ENABLE_OBJC_EXCEPTIONS = YES;
				GCC_OPTIMIZATION_LEVEL = 0;
				GCC_PREPROCESSOR_DEFINITIONS = (
					"DEBUG=1",
					"$(inherited)",
				);
				GCC_SYMBOLS_PRIVATE_EXTERN = NO;
				GCC_VERSION = "";
				GCC_WARN_64_TO_32_BIT_CONVERSION = YES;
				GCC_WARN_ABOUT_MISSING_PROTOTYPES = YES;
				GCC_WARN_ABOUT_RETURN_TYPE = YES;
				GCC_WARN_UNUSED_VARIABLE = YES;
				MACOSX_DEPLOYMENT_TARGET = "";
				ONLY_ACTIVE_ARCH = YES;
				SDKROOT = "";
			};
			name = Debug;
		};
		A933F7C7142CCB8A00F093F6 /* Release */ = {
			isa = XCBuildConfiguration;
			buildSettings = {
				ALWAYS_SEARCH_USER_PATHS = NO;
				ARCHS = "$(ARCHS_STANDARD_64_BIT)";
				COPY_PHASE_STRIP = YES;
				DEBUG_INFORMATION_FORMAT = "dwarf-with-dsym";
				GCC_C_LANGUAGE_STANDARD = gnu99;
				GCC_ENABLE_OBJC_EXCEPTIONS = YES;
				GCC_VERSION = "";
				GCC_WARN_64_TO_32_BIT_CONVERSION = YES;
				GCC_WARN_ABOUT_MISSING_PROTOTYPES = YES;
				GCC_WARN_ABOUT_RETURN_TYPE = YES;
				GCC_WARN_UNUSED_VARIABLE = YES;
				MACOSX_DEPLOYMENT_TARGET = "";
				SDKROOT = "";
			};
			name = Release;
		};
		A933F7C9142CCB8A00F093F6 /* Debug */ = {
			isa = XCBuildConfiguration;
			buildSettings = {
				ARCHS = x86_64;
				FRAMEWORK_SEARCH_PATHS = (
					"$(inherited)",
					"\"$(DEVELOPER_FRAMEWORKS_DIR)\"",
				);
				GCC_ENABLE_OBJC_GC = required;
				GCC_PRECOMPILE_PREFIX_HEADER = YES;
				GCC_PREFIX_HEADER = "CodeSnippet/CodeSnippet-Prefix.pch";
				INFOPLIST_FILE = "CodeSnippet/CodeSnippet-Info.plist";
				MACOSX_DEPLOYMENT_TARGET = "";
				PRODUCT_NAME = "$(TARGET_NAME)";
				WRAPPER_EXTENSION = app;
			};
			name = Debug;
		};
		A933F7CA142CCB8A00F093F6 /* Release */ = {
			isa = XCBuildConfiguration;
			buildSettings = {
				ARCHS = x86_64;
				FRAMEWORK_SEARCH_PATHS = (
					"$(inherited)",
					"\"$(DEVELOPER_FRAMEWORKS_DIR)\"",
				);
				GCC_ENABLE_OBJC_GC = required;
				GCC_PRECOMPILE_PREFIX_HEADER = YES;
				GCC_PREFIX_HEADER = "CodeSnippet/CodeSnippet-Prefix.pch";
				INFOPLIST_FILE = "CodeSnippet/CodeSnippet-Info.plist";
				MACOSX_DEPLOYMENT_TARGET = "";
				PRODUCT_NAME = "$(TARGET_NAME)";
				WRAPPER_EXTENSION = app;
			};
			name = Release;
		};
		A933F7CC142CCB8A00F093F6 /* Debug */ = {
			isa = XCBuildConfiguration;
			buildSettings = {
			};
			name = Debug;
		};
		A933F7CD142CCB8A00F093F6 /* Release */ = {
			isa = XCBuildConfiguration;
			buildSettings = {
			};
			name = Release;
		};
/* End XCBuildConfiguration section */

/* Begin XCConfigurationList section */
		A933F7A0142CCB8A00F093F6 /* Build configuration list for PBXProject "CodeSnippet" */ = {
			isa = XCConfigurationList;
			buildConfigurations = (
				A933F7C6142CCB8A00F093F6 /* Debug */,
				A933F7C7142CCB8A00F093F6 /* Release */,
			);
			defaultConfigurationIsVisible = 0;
			defaultConfigurationName = Release;
		};
		A933F7C8142CCB8A00F093F6 /* Build configuration list for PBXNativeTarget "CodeSnippet" */ = {
			isa = XCConfigurationList;
			buildConfigurations = (
				A933F7C9142CCB8A00F093F6 /* Debug */,
				A933F7CA142CCB8A00F093F6 /* Release */,
			);
			defaultConfigurationIsVisible = 0;
			defaultConfigurationName = Release;
		};
		A933F7CB142CCB8A00F093F6 /* Build configuration list for PBXLegacyTarget "Deployment" */ = {
			isa = XCConfigurationList;
			buildConfigurations = (
				A933F7CC142CCB8A00F093F6 /* Debug */,
				A933F7CD142CCB8A00F093F6 /* Release */,
			);
			defaultConfigurationIsVisible = 0;
			defaultConfigurationName = Release;
		};
/* End XCConfigurationList section */

/* Begin XCVersionGroup section */
		A933F7C3142CCB8A00F093F6 /* CodeSnippet.xcdatamodeld */ = {
			isa = XCVersionGroup;
			children = (
				A933F7C4142CCB8A00F093F6 /* CodeSnippet.xcdatamodel */,
			);
			currentVersion = A933F7C4142CCB8A00F093F6 /* CodeSnippet.xcdatamodel */;
			path = CodeSnippet.xcdatamodeld;
			sourceTree = "<group>";
			versionGroupType = wrapper.xcdatamodel;
		};
/* End XCVersionGroup section */
	};
	rootObject = A933F79D142CCB8A00F093F6 /* Project object */;
}
